{
    "hash": "7c283bdf135fb86bb6f5f652f0c8a3df",
    "packages": [
        {
            "package": "doctrine/common",
            "version": "2.2.1"
        },
        {
            "package": "doctrine/dbal",
            "version": "2.2.1"
        },
        {
            "package": "doctrine/doctrine-bundle",
            "version": "dev-master",
            "source-reference": "dd3d35dd28e864fb908a70f8b206d1209aa2c333"
        },
        {
            "package": "doctrine/mongodb",
            "version": "dev-master",
            "source-reference": "727a12d25ba12d18aa293bc6eb61f203a9545912"
        },
        {
            "package": "doctrine/mongodb-odm",
            "version": "dev-master",
            "source-reference": "ed789d7e7d5a75d41b8d49e04a4c65bd97343a96"
        },
        {
            "package": "doctrine/mongodb-odm-bundle",
            "version": "dev-master",
            "source-reference": "9aa933e9c50fb8d58f9d49fb57a6e66a6a57d6d0"
        },
        {
            "package": "doctrine/orm",
            "version": "2.2.0"
        },
        {
            "package": "friendsofsymfony/rest",
            "version": "dev-master",
            "source-reference": "a08b96b01e1ce26a7c43f993bf54aac756c0f6cb"
        },
        {
            "package": "friendsofsymfony/rest-bundle",
            "version": "dev-master",
            "source-reference": "b35c03abb78e5d96c72eb261d584bcee1daf5559"
        },
        {
            "package": "friendsofsymfony/rest-explorer2",
            "version": "1"
        },
        {
            "package": "jms/aop-bundle",
            "version": "1.0.0"
        },
        {
            "package": "jms/cg",
            "version": "1.0.0"
        },
        {
            "package": "jms/di-extra-bundle",
            "version": "1.0.1"
        },
        {
            "package": "jms/metadata",
            "version": "1.1.1"
        },
        {
            "package": "jms/security-extra-bundle",
            "version": "1.1.0"
        },
        {
            "package": "jms/serializer-bundle",
            "version": "dev-master",
            "source-reference": "490efa42ec0940b07cb98e7152d7a2374ba747ff"
        },
        {
            "package": "kriswallsmith/assetic",
            "version": "dev-master",
            "source-reference": "b25d1fdd07a70585d15c84735e82664acec88eab"
        },
        {
            "package": "monolog/monolog",
            "version": "1.0.2"
        },
        {
            "package": "raulfraile/LadybugBundle",
            "version": "dev-master",
            "source-reference": "c3c0ad6a1a256142bde0aaad537ea3f4c8643418"
        },
        {
            "package": "raulfraile/ladybug",
            "version": "dev-master",
            "source-reference": "v0.5"
        },
        {
            "package": "sensio/distribution-bundle",
            "version": "dev-master",
            "source-reference": "38be63ebb45cc1fbeaff3f2bdf6d0ed216305a24"
        },
        {
            "package": "sensio/framework-extra-bundle",
            "version": "dev-master",
            "source-reference": "94a9615c6e52a3d02ca7f44eee56f20e0c5c4622"
        },
        {
            "package": "sensio/generator-bundle",
            "version": "dev-master",
            "source-reference": "06d07e0514d310be8d5630bfd93637136991c30c"
        },
        {
            "package": "swiftmailer/swiftmailer",
            "version": "4.1.6"
        },
        {
            "package": "symfony/assetic-bundle",
            "version": "dev-master",
            "source-reference": "a771e48366d80002b0046ba43e658d067170634d"
        },
        {
            "package": "symfony/monolog-bundle",
            "version": "dev-master",
            "source-reference": "289442e385e7c0fe4aa2e8884d11e774a8f9ad99"
        },
        {
            "package": "symfony/swiftmailer-bridge",
            "version": "dev-master",
            "source-reference": "23b8d5c049bb3dfb67ec04bbea09464da27c4ec7"
        },
        {
            "package": "symfony/swiftmailer-bundle",
            "version": "dev-master",
            "source-reference": "75f8f95c201922a966274547131b33291d15d51b"
        },
        {
            "package": "symfony/symfony",
            "version": "dev-master",
            "source-reference": "b47cb35e7bcb0d91664ca276b6473ad6fa5f827b",
            "alias": "2.1.9999999.9999999-dev"
        },
        {
            "package": "twig/extensions",
            "version": "dev-master",
            "source-reference": "4c831657215e51568fcb31bb9142e827f9a69bd5"
        },
        {
            "package": "twig/twig",
            "version": "dev-master",
            "source-reference": "58fbe0da4146608e085d7e67ebf2eae7aa8da19e",
            "alias": "1.7.9999999.9999999-dev"
        }
    ],
    "packages-dev": null,
    "aliases": []
}
