{
    "hash": "c03f3992da2ae4bd0d12f48946334dd8",
    "packages": [
        {
            "package": "dflydev/markdown",
            "version": "dev-master",
            "alias-pretty-version": "1.0.x-dev",
            "alias-version": "1.0.9999999.9999999-dev"
        },
        {
            "package": "dflydev/markdown",
            "version": "dev-master",
            "source-reference": "11f8faa2d17f717a038b4d372abd22a6ac4a15dc",
            "commit-date": "1342369887"
        },
        {
            "package": "doctrine/common",
            "version": "2.2.2"
        },
        {
            "package": "doctrine/dbal",
            "version": "2.2.2"
        },
        {
            "package": "doctrine/doctrine-bundle",
            "version": "dev-master",
            "alias-pretty-version": "1.0.x-dev",
            "alias-version": "1.0.9999999.9999999-dev"
        },
        {
            "package": "doctrine/doctrine-bundle",
            "version": "dev-master",
            "source-reference": "ed8d02b491512f947fdb2f8b665dc8fd72b5879c",
            "commit-date": "1343657020"
        },
        {
            "package": "doctrine/orm",
            "version": "2.2.0"
        },
        {
            "package": "friendsofsymfony/rest",
            "version": "dev-master",
            "alias-pretty-version": "0.7.x-dev",
            "alias-version": "0.7.9999999.9999999-dev"
        },
        {
            "package": "friendsofsymfony/rest",
            "version": "dev-master",
            "source-reference": "5ea703f5a3f5c7110cadeccb91b212c0eb7ea2d0",
            "commit-date": "1339701893"
        },
        {
            "package": "friendsofsymfony/rest-bundle",
            "version": "dev-master",
            "alias-pretty-version": "0.8.x-dev",
            "alias-version": "0.8.9999999.9999999-dev"
        },
        {
            "package": "friendsofsymfony/rest-bundle",
            "version": "dev-master",
            "source-reference": "fcb32e0aace5d0e1f00f8243483bde3fe01f77f9",
            "commit-date": "1344290444"
        },
        {
            "package": "jms/aop-bundle",
            "version": "1.0.0"
        },
        {
            "package": "jms/cg",
            "version": "1.0.0"
        },
        {
            "package": "jms/di-extra-bundle",
            "version": "1.0.1"
        },
        {
            "package": "jms/metadata",
            "version": "1.1.1"
        },
        {
            "package": "jms/security-extra-bundle",
            "version": "1.1.0"
        },
        {
            "package": "jms/serializer-bundle",
            "version": "dev-master",
            "alias-pretty-version": "0.9.x-dev",
            "alias-version": "0.9.9999999.9999999-dev"
        },
        {
            "package": "jms/serializer-bundle",
            "version": "dev-master",
            "source-reference": "1f308a587742246e87e580290f3bae23073d1d70",
            "commit-date": "1343641450"
        },
        {
            "package": "knplabs/knp-markdown-bundle",
            "version": "dev-master",
            "source-reference": "d0fac3f6d2ac502386ee73def9cf900029e1d353",
            "commit-date": "1339679093"
        },
        {
            "package": "kriswallsmith/assetic",
            "version": "dev-master",
            "alias-pretty-version": "1.1.x-dev",
            "alias-version": "1.1.9999999.9999999-dev"
        },
        {
            "package": "kriswallsmith/assetic",
            "version": "dev-master",
            "source-reference": "ce9c557989f95abffe792c63f84f404a2f019ef8",
            "commit-date": "1344261272"
        },
        {
            "package": "monolog/monolog",
            "version": "1.1.0"
        },
        {
            "package": "nelmio/api-doc-bundle",
            "version": "dev-master",
            "alias-pretty-version": "2.0.x-dev",
            "alias-version": "2.0.9999999.9999999-dev"
        },
        {
            "package": "nelmio/api-doc-bundle",
            "version": "dev-master",
            "source-reference": "4b69e1149a2d343c29592b136418b6d7dafd116a",
            "commit-date": "1344247937"
        },
        {
            "package": "phpoffice/excel",
            "version": "master",
            "source-reference": "develop",
            "commit-date": "1344289224"
        },
        {
            "package": "raulfraile/ladybug",
            "version": "dev-master",
            "source-reference": "9d03eab167c1b9f84f9a832c2e26140a780f6100",
            "commit-date": "1342109959"
        },
        {
            "package": "raulfraile/ladybug-bundle",
            "version": "dev-master",
            "source-reference": "a2aa7a445d575dc34cc500076b5f7acd24a2c2a6",
            "commit-date": "1343206620"
        },
        {
            "package": "sensio/distribution-bundle",
            "version": "dev-master",
            "source-reference": "57190e5baa0cc1d8ef6095ce57e6719a5eae2b79",
            "commit-date": "1344240835"
        },
        {
            "package": "sensio/framework-extra-bundle",
            "version": "dev-master",
            "alias-pretty-version": "2.1.x-dev",
            "alias-version": "2.1.9999999.9999999-dev"
        },
        {
            "package": "sensio/framework-extra-bundle",
            "version": "dev-master",
            "source-reference": "ade2d53b20a9fc3428f04c863b3fd4fca0b62181",
            "commit-date": "1344072374"
        },
        {
            "package": "sensio/generator-bundle",
            "version": "dev-master",
            "alias-pretty-version": "2.1.x-dev",
            "alias-version": "2.1.9999999.9999999-dev"
        },
        {
            "package": "sensio/generator-bundle",
            "version": "dev-master",
            "source-reference": "d8fc1666f3cdb403f1b2d4320c45ddd6adbdf6a5",
            "commit-date": "1343980150"
        },
        {
            "package": "swiftmailer/swiftmailer",
            "version": "dev-master",
            "alias-pretty-version": "4.2.x-dev",
            "alias-version": "4.2.9999999.9999999-dev"
        },
        {
            "package": "swiftmailer/swiftmailer",
            "version": "dev-master",
            "source-reference": "19045c3692f6f6ddb4abc5ebfaf3f86f1c57d265",
            "commit-date": "1343980916"
        },
        {
            "package": "symfony/assetic-bundle",
            "version": "dev-master",
            "alias-pretty-version": "2.1.x-dev",
            "alias-version": "2.1.9999999.9999999-dev"
        },
        {
            "package": "symfony/assetic-bundle",
            "version": "dev-master",
            "source-reference": "0c09207be07b044e06d28a4111f554f071e5b658",
            "commit-date": "1343812720"
        },
        {
            "package": "symfony/monolog-bundle",
            "version": "dev-master",
            "source-reference": "v2.1.0-BETA4",
            "commit-date": "1341078487"
        },
        {
            "package": "symfony/swiftmailer-bundle",
            "version": "dev-master",
            "alias-pretty-version": "2.1.x-dev",
            "alias-version": "2.1.9999999.9999999-dev"
        },
        {
            "package": "symfony/swiftmailer-bundle",
            "version": "dev-master",
            "source-reference": "v2.1.0-RC1",
            "commit-date": "1342684512"
        },
        {
            "package": "symfony/symfony",
            "version": "dev-master",
            "alias-pretty-version": "2.1.x-dev",
            "alias-version": "2.1.9999999.9999999-dev"
        },
        {
            "package": "symfony/symfony",
            "version": "dev-master",
            "source-reference": "842b599c50552125f1ae1e0463ea2b102254d701",
            "commit-date": "1344264516"
        },
        {
            "package": "twig/extensions",
            "version": "dev-master",
            "source-reference": "feb6d3f10c411e2631997c0a905aa581c80305c1",
            "commit-date": "1337599699"
        },
        {
            "package": "twig/twig",
            "version": "dev-master",
            "alias-pretty-version": "1.9.x-dev",
            "alias-version": "1.9.9999999.9999999-dev"
        },
        {
            "package": "twig/twig",
            "version": "dev-master",
            "source-reference": "51c866f415bbee670cd9ba13591307bce8dabdca",
            "commit-date": "1343464333"
        }
    ],
    "packages-dev": null,
    "aliases": [

    ],
    "minimum-stability": "dev",
    "stability-flags": {
        "doctrine/doctrine-bundle": 20,
        "twig/extensions": 20,
        "symfony/assetic-bundle": 20,
        "symfony/swiftmailer-bundle": 20,
        "symfony/monolog-bundle": 20,
        "sensio/distribution-bundle": 20,
        "sensio/framework-extra-bundle": 20,
        "sensio/generator-bundle": 20,
        "raulfraile/ladybug-bundle": 20,
        "nelmio/api-doc-bundle": 20,
        "friendsofsymfony/rest-bundle": 20,
        "knplabs/knp-markdown-bundle": 20,
        "phpoffice/excel": 20
    }
}
